
Microsoft Visual Studio Solution File, Format Version 12.00
# Visual Studio 15
VisualStudioVersion = 15.0.27130.2026
MinimumVisualStudioVersion = 10.0.40219.1
Project("{FAE04EC0-301F-11D3-BF4B-00C04F79EFBC}") = "MyNewProgramme", "MyNewProgramme\MyNewProgramme.csproj", "{E8843DCD-5F2A-411F-8790-A6C023E2CA93}"
EndProject
Global
	GlobalSection(SolutionConfigurationPlatforms) = preSolution
		Debug|Any CPU = Debug|Any CPU
		Release|Any CPU = Release|Any CPU
	EndGlobalSection
	GlobalSection(ProjectConfigurationPlatforms) = postSolution
		{E8843DCD-5F2A-411F-8790-A6C023E2CA93}.Debug|Any CPU.ActiveCfg = Debug|Any CPU
		{E8843DCD-5F2A-411F-8790-A6C023E2CA93}.Debug|Any CPU.Build.0 = Debug|Any CPU
		{E8843DCD-5F2A-411F-8790-A6C023E2CA93}.Release|Any CPU.ActiveCfg = Release|Any CPU
		{E8843DCD-5F2A-411F-8790-A6C023E2CA93}.Release|Any CPU.Build.0 = Release|Any CPU
	EndGlobalSection
	GlobalSection(SolutionProperties) = preSolution
		HideSolutionNode = FALSE
	EndGlobalSection
	GlobalSection(ExtensibilityGlobals) = postSolution
		SolutionGuid = {47878C16-8663-4274-BC2C-B33673673889}
	EndGlobalSection
EndGlobal
